
Microsoft Visual Studio Solution File, Format Version 12.00
# Visual Studio Version 16
VisualStudioVersion = 16.0.31019.35
MinimumVisualStudioVersion = 10.0.40219.1
Project("{FAE04EC0-301F-11D3-BF4B-00C04F79EFBC}") = "IfcValidator", "IfcValidator\IfcValidator.csproj", "{A7442545-62AE-4378-9861-BF38D2628F48}"
EndProject
Project("{9A19103F-16F7-4668-BE54-9A1E7A4F7556}") = "IfcValidator.Core", "IfcValidator.Core\IfcValidator.Core.csproj", "{8E0839E6-4C36-4AE6-B337-657F6770E9A0}"
EndProject
Project("{2150E333-8FDC-42A3-9474-1A3956D46DE8}") = "Solution Items", "Solution Items", "{F53EDDA9-9A86-47A3-BA10-AFCB5C645B32}"
	ProjectSection(SolutionItems) = preProject
		LICENSE.md = LICENSE.md
		README.md = README.md
	EndProjectSection
EndProject
Global
	GlobalSection(SolutionConfigurationPlatforms) = preSolution
		Debug|Any CPU = Debug|Any CPU
		Debug|ARM = Debug|ARM
		Debug|ARM64 = Debug|ARM64
		Debug|x64 = Debug|x64
		Debug|x86 = Debug|x86
		Release|Any CPU = Release|Any CPU
		Release|ARM = Release|ARM
		Release|ARM64 = Release|ARM64
		Release|x64 = Release|x64
		Release|x86 = Release|x86
	EndGlobalSection
	GlobalSection(ProjectConfigurationPlatforms) = postSolution
		{A7442545-62AE-4378-9861-BF38D2628F48}.Debug|Any CPU.ActiveCfg = Debug|x86
		{A7442545-62AE-4378-9861-BF38D2628F48}.Debug|ARM.ActiveCfg = Debug|ARM
		{A7442545-62AE-4378-9861-BF38D2628F48}.Debug|ARM.Build.0 = Debug|ARM
		{A7442545-62AE-4378-9861-BF38D2628F48}.Debug|ARM.Deploy.0 = Debug|ARM
		{A7442545-62AE-4378-9861-BF38D2628F48}.Debug|ARM64.ActiveCfg = Debug|ARM64
		{A7442545-62AE-4378-9861-BF38D2628F48}.Debug|ARM64.Build.0 = Debug|ARM64
		{A7442545-62AE-4378-9861-BF38D2628F48}.Debug|ARM64.Deploy.0 = Debug|ARM64
		{A7442545-62AE-4378-9861-BF38D2628F48}.Debug|x64.ActiveCfg = Debug|x64
		{A7442545-62AE-4378-9861-BF38D2628F48}.Debug|x64.Build.0 = Debug|x64
		{A7442545-62AE-4378-9861-BF38D2628F48}.Debug|x64.Deploy.0 = Debug|x64
		{A7442545-62AE-4378-9861-BF38D2628F48}.Debug|x86.ActiveCfg = Debug|x86
		{A7442545-62AE-4378-9861-BF38D2628F48}.Debug|x86.Build.0 = Debug|x86
		{A7442545-62AE-4378-9861-BF38D2628F48}.Debug|x86.Deploy.0 = Debug|x86
		{A7442545-62AE-4378-9861-BF38D2628F48}.Release|Any CPU.ActiveCfg = Release|x86
		{A7442545-62AE-4378-9861-BF38D2628F48}.Release|ARM.ActiveCfg = Release|ARM
		{A7442545-62AE-4378-9861-BF38D2628F48}.Release|ARM.Build.0 = Release|ARM
		{A7442545-62AE-4378-9861-BF38D2628F48}.Release|ARM.Deploy.0 = Release|ARM
		{A7442545-62AE-4378-9861-BF38D2628F48}.Release|ARM64.ActiveCfg = Release|ARM64
		{A7442545-62AE-4378-9861-BF38D2628F48}.Release|ARM64.Build.0 = Release|ARM64
		{A7442545-62AE-4378-9861-BF38D2628F48}.Release|ARM64.Deploy.0 = Release|ARM64
		{A7442545-62AE-4378-9861-BF38D2628F48}.Release|x64.ActiveCfg = Release|x64
		{A7442545-62AE-4378-9861-BF38D2628F48}.Release|x64.Build.0 = Release|x64
		{A7442545-62AE-4378-9861-BF38D2628F48}.Release|x64.Deploy.0 = Release|x64
		{A7442545-62AE-4378-9861-BF38D2628F48}.Release|x86.ActiveCfg = Release|x86
		{A7442545-62AE-4378-9861-BF38D2628F48}.Release|x86.Build.0 = Release|x86
		{A7442545-62AE-4378-9861-BF38D2628F48}.Release|x86.Deploy.0 = Release|x86
		{8E0839E6-4C36-4AE6-B337-657F6770E9A0}.Debug|Any CPU.ActiveCfg = Debug|Any CPU
		{8E0839E6-4C36-4AE6-B337-657F6770E9A0}.Debug|Any CPU.Build.0 = Debug|Any CPU
		{8E0839E6-4C36-4AE6-B337-657F6770E9A0}.Debug|ARM.ActiveCfg = Debug|Any CPU
		{8E0839E6-4C36-4AE6-B337-657F6770E9A0}.Debug|ARM.Build.0 = Debug|Any CPU
		{8E0839E6-4C36-4AE6-B337-657F6770E9A0}.Debug|ARM64.ActiveCfg = Debug|Any CPU
		{8E0839E6-4C36-4AE6-B337-657F6770E9A0}.Debug|ARM64.Build.0 = Debug|Any CPU
		{8E0839E6-4C36-4AE6-B337-657F6770E9A0}.Debug|x64.ActiveCfg = Debug|Any CPU
		{8E0839E6-4C36-4AE6-B337-657F6770E9A0}.Debug|x64.Build.0 = Debug|Any CPU
		{8E0839E6-4C36-4AE6-B337-657F6770E9A0}.Debug|x86.ActiveCfg = Debug|Any CPU
		{8E0839E6-4C36-4AE6-B337-657F6770E9A0}.Debug|x86.Build.0 = Debug|Any CPU
		{8E0839E6-4C36-4AE6-B337-657F6770E9A0}.Release|Any CPU.ActiveCfg = Release|Any CPU
		{8E0839E6-4C36-4AE6-B337-657F6770E9A0}.Release|Any CPU.Build.0 = Release|Any CPU
		{8E0839E6-4C36-4AE6-B337-657F6770E9A0}.Release|ARM.ActiveCfg = Release|Any CPU
		{8E0839E6-4C36-4AE6-B337-657F6770E9A0}.Release|ARM.Build.0 = Release|Any CPU
		{8E0839E6-4C36-4AE6-B337-657F6770E9A0}.Release|ARM64.ActiveCfg = Release|Any CPU
		{8E0839E6-4C36-4AE6-B337-657F6770E9A0}.Release|ARM64.Build.0 = Release|Any CPU
		{8E0839E6-4C36-4AE6-B337-657F6770E9A0}.Release|x64.ActiveCfg = Release|Any CPU
		{8E0839E6-4C36-4AE6-B337-657F6770E9A0}.Release|x64.Build.0 = Release|Any CPU
		{8E0839E6-4C36-4AE6-B337-657F6770E9A0}.Release|x86.ActiveCfg = Release|Any CPU
		{8E0839E6-4C36-4AE6-B337-657F6770E9A0}.Release|x86.Build.0 = Release|Any CPU
	EndGlobalSection
	GlobalSection(SolutionProperties) = preSolution
		HideSolutionNode = FALSE
	EndGlobalSection
	GlobalSection(ExtensibilityGlobals) = postSolution
		SolutionGuid = {06211206-7DE3-430C-80DA-1D486EC9AD8F}
	EndGlobalSection
EndGlobal
